# This file is automatically @generated by Cargo.
# It is not intended for manual editing.
[[package]]
name = "ars_aa"
version = "1.0.0"
dependencies = [
 "ars_ds 1.0.0",
]

[[package]]
name = "ars_ds"
version = "1.0.0"
dependencies = [
 "ars_macro 1.0.0",
]

[[package]]
name = "ars_graph"
version = "1.0.0"
dependencies = [
 "ars_aa 1.0.0",
]

[[package]]
name = "ars_macro"
version = "1.0.0"

[[package]]
name = "ars_opts"
version = "1.0.0"
dependencies = [
 "ars_ds 1.0.0",
 "ars_validates 1.0.0",
]

[[package]]
name = "ars_sync"
version = "1.0.0"

[[package]]
name = "ars_validates"
version = "1.0.0"

[[package]]
name = "ars_validates_derive"
version = "1.0.0"
dependencies = [
 "proc-macro2 0.4.21 (registry+https://github.com/rust-lang/crates.io-index)",
 "quote 0.6.13 (registry+https://github.com/rust-lang/crates.io-index)",
 "syn 0.15.23 (registry+https://github.com/rust-lang/crates.io-index)",
]

[[package]]
name = "proc-macro2"
version = "0.4.21"
source = "registry+https://github.com/rust-lang/crates.io-index"
dependencies = [
 "unicode-xid 0.1.0 (registry+https://github.com/rust-lang/crates.io-index)",
]

[[package]]
name = "quote"
version = "0.6.13"
source = "registry+https://github.com/rust-lang/crates.io-index"
dependencies = [
 "proc-macro2 0.4.21 (registry+https://github.com/rust-lang/crates.io-index)",
]

[[package]]
name = "syn"
version = "0.15.23"
source = "registry+https://github.com/rust-lang/crates.io-index"
dependencies = [
 "proc-macro2 0.4.21 (registry+https://github.com/rust-lang/crates.io-index)",
 "quote 0.6.13 (registry+https://github.com/rust-lang/crates.io-index)",
 "unicode-xid 0.1.0 (registry+https://github.com/rust-lang/crates.io-index)",
]

[[package]]
name = "unicode-xid"
version = "0.1.0"
source = "registry+https://github.com/rust-lang/crates.io-index"

[metadata]
"checksum proc-macro2 0.4.21 (registry+https://github.com/rust-lang/crates.io-index)" = "ab2fc21ba78ac73e4ff6b3818ece00be4e175ffbef4d0a717d978b48b24150c4"
"checksum quote 0.6.13 (registry+https://github.com/rust-lang/crates.io-index)" = "6ce23b6b870e8f94f81fb0a363d65d86675884b34a09043c81e5562f11c1f8e1"
"checksum syn 0.15.23 (registry+https://github.com/rust-lang/crates.io-index)" = "9545a6a093a3f0bd59adb472700acc08cad3776f860f16a897dfce8c88721cbc"
"checksum unicode-xid 0.1.0 (registry+https://github.com/rust-lang/crates.io-index)" = "fc72304796d0818e357ead4e000d19c9c174ab23dc11093ac919054d20a6a7fc"
